PODS:
  - Alamofire (4.9.1)
  - AlamofireImage (3.5.2):
    - Alamofire (~> 4.8)
  - AppAuth (1.3.0):
    - AppAuth/Core (= 1.3.0)
    - AppAuth/ExternalUserAgent (= 1.3.0)
  - AppAuth/Core (1.3.0)
  - AppAuth/ExternalUserAgent (1.3.0)
  - Bugsnag (5.23.0)
  - Differentiator (4.0.1)
  - FacebookCore (0.9.0):
    - FBSDKCoreKit (~> 5.0)
  - FacebookShare (0.9.0):
    - FacebookCore (~> 0.9.0)
    - FBSDKCoreKit (~> 5.0)
    - FBSDKShareKit (~> 5.0)
  - FBSDKCoreKit (5.15.1):
    - FBSDKCoreKit/Basics (= 5.15.1)
    - FBSDKCoreKit/Core (= 5.15.1)
  - FBSDKCoreKit/Basics (5.15.1)
  - FBSDKCoreKit/Core (5.15.1):
    - FBSDKCoreKit/Basics
  - FBSDKShareKit (5.15.1):
    - FBSDKShareKit/Share (= 5.15.1)
  - FBSDKShareKit/Share (5.15.1):
    - FBSDKCoreKit (~> 5.0)
  - Firebase/Analytics (6.16.0):
    - Firebase/Core
  - Firebase/Core (6.16.0):
    - Firebase/CoreOnly
    - FirebaseAnalytics (= 6.2.2)
  - Firebase/CoreOnly (6.16.0):
    - FirebaseCore (= 6.6.1)
  - FirebaseAnalytics (6.2.2):
    - FirebaseCore (~> 6.6)
    - FirebaseInstanceID (~> 4.3)
    - GoogleAppMeasurement (= 6.2.2)
    - GoogleUtilities/AppDelegateSwizzler (~> 6.0)
    - GoogleUtilities/MethodSwizzler (~> 6.0)
    - GoogleUtilities/Network (~> 6.0)
    - "GoogleUtilities/NSData+zlib (~> 6.0)"
    - nanopb (= 0.3.9011)
  - FirebaseCore (6.6.1):
    - FirebaseCoreDiagnostics (~> 1.2)
    - FirebaseCoreDiagnosticsInterop (~> 1.2)
    - GoogleUtilities/Environment (~> 6.5)
    - GoogleUtilities/Logger (~> 6.5)
  - FirebaseCoreDiagnostics (1.2.0):
    - FirebaseCoreDiagnosticsInterop (~> 1.2)
    - GoogleDataTransportCCTSupport (~> 1.3)
    - GoogleUtilities/Environment (~> 6.5)
    - GoogleUtilities/Logger (~> 6.5)
    - nanopb (~> 0.3.901)
  - FirebaseCoreDiagnosticsInterop (1.2.0)
  - FirebaseInstallations (1.1.0):
    - FirebaseCore (~> 6.6)
    - GoogleUtilities/UserDefaults (~> 6.5)
    - PromisesObjC (~> 1.2)
  - FirebaseInstanceID (4.3.0):
    - FirebaseCore (~> 6.6)
    - FirebaseInstallations (~> 1.0)
    - GoogleUtilities/Environment (~> 6.5)
    - GoogleUtilities/UserDefaults (~> 6.5)
  - GoogleAppMeasurement (6.2.2):
    - GoogleUtilities/AppDelegateSwizzler (~> 6.0)
    - GoogleUtilities/MethodSwizzler (~> 6.0)
    - GoogleUtilities/Network (~> 6.0)
    - "GoogleUtilities/NSData+zlib (~> 6.0)"
    - nanopb (= 0.3.9011)
  - GoogleDataTransport (3.3.1)
  - GoogleDataTransportCCTSupport (1.3.1):
    - GoogleDataTransport (~> 3.3)
    - nanopb (~> 0.3.901)
  - GoogleSignIn (5.0.2):
    - AppAuth (~> 1.2)
    - GTMAppAuth (~> 1.0)
    - GTMSessionFetcher/Core (~> 1.1)
  - GoogleUtilities/AppDelegateSwizzler (6.5.1):
    - GoogleUtilities/Environment
    - GoogleUtilities/Logger
    - GoogleUtilities/Network
  - GoogleUtilities/Environment (6.5.1)
  - GoogleUtilities/Logger (6.5.1):
    - GoogleUtilities/Environment
  - GoogleUtilities/MethodSwizzler (6.5.1):
    - GoogleUtilities/Logger
  - GoogleUtilities/Network (6.5.1):
    - GoogleUtilities/Logger
    - "GoogleUtilities/NSData+zlib"
    - GoogleUtilities/Reachability
  - "GoogleUtilities/NSData+zlib (6.5.1)"
  - GoogleUtilities/Reachability (6.5.1):
    - GoogleUtilities/Logger
  - GoogleUtilities/UserDefaults (6.5.1):
    - GoogleUtilities/Logger
  - GTMAppAuth (1.0.0):
    - AppAuth/Core (~> 1.0)
    - GTMSessionFetcher (~> 1.1)
  - GTMSessionFetcher (1.3.1):
    - GTMSessionFetcher/Full (= 1.3.1)
  - GTMSessionFetcher/Core (1.3.1)
  - GTMSessionFetcher/Full (1.3.1):
    - GTMSessionFetcher/Core (= 1.3.1)
  - Hero (1.5.0)
  - ImageSlideshow (1.8.3):
    - ImageSlideshow/Core (= 1.8.3)
  - ImageSlideshow/Core (1.8.3)
  - InputBarAccessoryView (4.2.2)
  - KeychainAccess (4.1.0)
  - Localize-Swift (3.1.0)
  - MessageKit (3.0.0):
    - InputBarAccessoryView (~> 4.2.2)
  - nanopb (0.3.9011):
    - nanopb/decode (= 0.3.9011)
    - nanopb/encode (= 0.3.9011)
  - nanopb/decode (0.3.9011)
  - nanopb/encode (0.3.9011)
  - Nimble (8.0.5)
  - "NSObject+Rx (5.0.2)":
    - RxSwift (~> 5.0)
  - NVActivityIndicatorView (4.8.0):
    - NVActivityIndicatorView/Presenter (= 4.8.0)
  - NVActivityIndicatorView/Presenter (4.8.0)
  - ObjectMapper (3.5.1)
  - PromisesObjC (1.2.8)
  - Quick (2.2.0)
  - R.swift (5.1.0):
    - R.swift.Library (~> 5.1.0)
  - R.swift.Library (5.1.0)
  - RxAlamofire (5.1.0):
    - RxAlamofire/Core (= 5.1.0)
  - RxAlamofire/Core (5.1.0):
    - Alamofire (~> 4.8)
    - RxSwift (~> 5.0)
  - RxBlocking (5.0.1):
    - RxSwift (~> 5)
  - RxCocoa (5.0.1):
    - RxRelay (~> 5)
    - RxSwift (~> 5)
  - RxDataSources (4.0.1):
    - Differentiator (~> 4.0)
    - RxCocoa (~> 5.0)
    - RxSwift (~> 5.0)
  - RxGesture (3.0.1):
    - RxCocoa (~> 5.0)
    - RxSwift (~> 5.0)
  - RxRelay (5.0.1):
    - RxSwift (~> 5)
  - RxSwift (5.0.1)
  - RxTest (5.0.1):
    - RxSwift (~> 5)
  - RxTheme (4.0.0):
    - RxCocoa (~> 5.0)
    - RxSwift (~> 5.0)
  - Socket.IO-Client-Swift (15.2.0):
    - Starscream (~> 3.1)
  - Starscream (3.1.1)
  - SwiftDate (6.1.0)
  - SwifterSwift/Foundation (5.1.0)
  - SwifterSwift/UIKit (5.1.0)
  - SwiftLint (0.38.2)
  - Swinject (2.7.1)
  - SwinjectAutoregistration (2.7.0):
    - Swinject (~> 2.7)
  - Toast-Swift (5.0.1)
  - Umbrella (0.9.0):
    - Umbrella/Core (= 0.9.0)
  - Umbrella/Core (0.9.0)
  - WhatsNewKit (1.3.1)

DEPENDENCIES:
  - Alamofire (~> 4.9.1)
  - AlamofireImage (~> 3.5.2)
  - Bugsnag (~> 5.23.0)
  - FacebookCore (~> 0.9.0)
  - FacebookShare (~> 0.9.0)
  - Firebase/Analytics (~> 6.16.0)
  - GoogleSignIn
  - Hero (~> 1.5.0)
  - ImageSlideshow (~> 1.8.1)
  - KeychainAccess (~> 4.1.0)
  - Localize-Swift (~> 3.1.0)
  - MessageKit (~> 3.0.0)
  - Nimble
  - "NSObject+Rx (~> 5.0)"
  - NVActivityIndicatorView (~> 4.8.0)
  - ObjectMapper (~> 3.5.1)
  - Quick
  - R.swift
  - RxAlamofire (~> 5.1.0)
  - RxBlocking (~> 5.0.1)
  - RxDataSources (~> 4.0)
  - RxGesture (~> 3.0)
  - RxSwift (~> 5.0.1)
  - RxTest (~> 5.0.1)
  - RxTheme (~> 4.0)
  - Socket.IO-Client-Swift (~> 15.2.0)
  - SwiftDate (~> 6.1.0)
  - SwifterSwift/Foundation
  - SwifterSwift/UIKit
  - SwiftLint
  - Swinject (~> 2.7.1)
  - SwinjectAutoregistration (= 2.7.0)
  - Toast-Swift (~> 5.0.0)
  - Umbrella
  - WhatsNewKit (~> 1.3.1)

SPEC REPOS:
  trunk:
    - Alamofire
    - AlamofireImage
    - AppAuth
    - Bugsnag
    - Differentiator
    - FacebookCore
    - FacebookShare
    - FBSDKCoreKit
    - FBSDKShareKit
    - Firebase
    - FirebaseAnalytics
    - FirebaseCore
    - FirebaseCoreDiagnostics
    - FirebaseCoreDiagnosticsInterop
    - FirebaseInstallations
    - FirebaseInstanceID
    - GoogleAppMeasurement
    - GoogleDataTransport
    - GoogleDataTransportCCTSupport
    - GoogleSignIn
    - GoogleUtilities
    - GTMAppAuth
    - GTMSessionFetcher
    - Hero
    - ImageSlideshow
    - InputBarAccessoryView
    - KeychainAccess
    - Localize-Swift
    - MessageKit
    - nanopb
    - Nimble
    - "NSObject+Rx"
    - NVActivityIndicatorView
    - ObjectMapper
    - PromisesObjC
    - Quick
    - R.swift
    - R.swift.Library
    - RxAlamofire
    - RxBlocking
    - RxCocoa
    - RxDataSources
    - RxGesture
    - RxRelay
    - RxSwift
    - RxTest
    - RxTheme
    - Socket.IO-Client-Swift
    - Starscream
    - SwiftDate
    - SwifterSwift
    - SwiftLint
    - Swinject
    - SwinjectAutoregistration
    - Toast-Swift
    - Umbrella
    - WhatsNewKit

SPEC CHECKSUMS:
  Alamofire: 85e8a02c69d6020a0d734f6054870d7ecb75cf18
  AlamofireImage: 63cfe3baf1370be6c498149687cf6db3e3b00999
  AppAuth: 73574f3013a1e65b9601a3ddc8b3158cce68c09d
  Bugsnag: 1f33ee5b55bc4b131a30e0fe6db714da9c6609f6
  Differentiator: 886080237d9f87f322641dedbc5be257061b0602
  FacebookCore: ba86524b66cfa86d0f8e65d08faa8504a9f732dd
  FacebookShare: 85968ad1b1606c4944fb154924e425fd29184ea5
  FBSDKCoreKit: 1d5acf7c9d7a2f92bb1a242dc60cae5b7adb91df
  FBSDKShareKit: 259737eab3cc807087374553abdf588b3096ba55
  Firebase: 497158b816d0a86fc31babbd05546fcd7e6083ff
  FirebaseAnalytics: cf95d3aab897612783020fbd98401d5366f135ee
  FirebaseCore: 85064903ed6c28e47fec9c7bd149d94ba1b6b6e7
  FirebaseCoreDiagnostics: 5e78803ab276bc5b50340e3c539c06c3de35c649
  FirebaseCoreDiagnosticsInterop: 296e2c5f5314500a850ad0b83e9e7c10b011a850
  FirebaseInstallations: 575cd32f2aec0feeb0e44f5d0110a09e5e60b47b
  FirebaseInstanceID: 6668efc1655a4052c083f287a7141f1ead12f9c2
  GoogleAppMeasurement: d0560d915abf15e692e8538ba1d58442217b6aff
  GoogleDataTransport: 0048df6388dab1c254799f2a30365b1dffe20422
  GoogleDataTransportCCTSupport: f880d70972efa2ed1be4e9173a0f4c5f3dc2d176
  GoogleSignIn: 7137d297ddc022a7e0aa4619c86d72c909fa7213
  GoogleUtilities: 06eb53bb579efe7099152735900dd04bf09e7275
  GTMAppAuth: 4deac854479704f348309e7b66189e604cf5e01e
  GTMSessionFetcher: cea130bbfe5a7edc8d06d3f0d17288c32ffe9925
  Hero: b7385b75e7259da62f4f85462f59a5082d66b058
  ImageSlideshow: 4694d7d699a1549582e7cc631fb392d8f91630f3
  InputBarAccessoryView: 2b937602598e2fab3149f37f51dd7ad795653812
  KeychainAccess: 445e28864fe6d3458b41fa211bcdc39890e8bd5a
  Localize-Swift: 4bed4f0ccac8be2ec3517ee359da80ba2adb0fae
  MessageKit: e892a9ca49ebe6d82684d3a93ad84021fa23e2c6
  nanopb: 18003b5e52dab79db540fe93fe9579f399bd1ccd
  Nimble: 4ab1aeb9b45553c75b9687196b0fa0713170a332
  "NSObject+Rx": 2eb2cf51fd1c554118449a7fbc36e4cd620b9e94
  NVActivityIndicatorView: d24b7ebcf80af5dcd994adb650e2b6c93379270f
  ObjectMapper: 70187b8941977c62ccfb423caf6b50be405cabf0
  PromisesObjC: c119f3cd559f50b7ae681fa59dc1acd19173b7e6
  Quick: 7fb19e13be07b5dfb3b90d4f9824c855a11af40e
  R.swift: 8cbc4fc69b740305b6a17c8a8ed968eb788962d9
  R.swift.Library: fa85ce1e0d0b7e818cd9e080df910ba54d2776cc
  RxAlamofire: a2d7621de4c23a0c6e7b476b504acc32838ee341
  RxBlocking: c5e090f42d046df8b0e7752742510f349963710f
  RxCocoa: e741b9749968e8a143e2b787f1dfbff2b63d0a5c
  RxDataSources: efee07fa4de48477eca0a4611e6d11e2da9c1114
  RxGesture: a3f8dd6adf078110ed5e1c9c30d09d705a09852e
  RxRelay: 89d54507f4fd4d969e6ec1d4bd7f3673640b4640
  RxSwift: e2dc62b366a3adf6a0be44ba9f405efd4c94e0c4
  RxTest: 0132f952a61da82d5233abedaa559df91e5330e5
  RxTheme: 0b642f47c7d197a803c6b9c083964188c34f7ddb
  Socket.IO-Client-Swift: 1e3e3a1f09f3312a167f0d781eb2f383d477357c
  Starscream: 4bb2f9942274833f7b4d296a55504dcfc7edb7b0
  SwiftDate: fa2bb3962056bb44047b4b85a30044e5eae30b03
  SwifterSwift: a9e8e144832638c2850b43da5feaf9598c6ad65b
  SwiftLint: 8f5d2f903e1c9bcbc832fd16771e80a263ac6cbb
  Swinject: ddf78b8486dd9b71a667b852cad919ab4484478e
  SwinjectAutoregistration: 330f5012642a8b5c89a8a4adb0c5e52df07382c0
  Toast-Swift: 9b6a70f28b3bf0b96c40d46c0c4b9d6639846711
  Umbrella: d5b508a0efea3c50f4764ad96035d08eafee26bc
  WhatsNewKit: fc8ca82510148c030d66b3bb9b937175f8dcb3fd

PODFILE CHECKSUM: d617993f8cc1c2dc8384891b87a14fedf248e2dd

COCOAPODS: 1.8.4
